
Microsoft Visual Studio Solution File, Format Version 12.00
# Visual Studio Version 16
VisualStudioVersion = 16.0.30503.244
MinimumVisualStudioVersion = 10.0.40219.1
Project("{FAE04EC0-301F-11D3-BF4B-00C04F79EFBC}") = "Project", "Project.csproj", "{67F8EBF4-96D7-47DA-B6EF-9473943873FF}"
EndProject
Global
	GlobalSection(SolutionConfigurationPlatforms) = preSolution
		Debug|Any CPU = Debug|Any CPU
		Release|Any CPU = Release|Any CPU
	EndGlobalSection
	GlobalSection(ProjectConfigurationPlatforms) = postSolution
		{67F8EBF4-96D7-47DA-B6EF-9473943873FF}.Debug|Any CPU.ActiveCfg = Debug|Any CPU
		{67F8EBF4-96D7-47DA-B6EF-9473943873FF}.Debug|Any CPU.Build.0 = Debug|Any CPU
		{67F8EBF4-96D7-47DA-B6EF-9473943873FF}.Release|Any CPU.ActiveCfg = Release|Any CPU
		{67F8EBF4-96D7-47DA-B6EF-9473943873FF}.Release|Any CPU.Build.0 = Release|Any CPU
	EndGlobalSection
	GlobalSection(SolutionProperties) = preSolution
		HideSolutionNode = FALSE
	EndGlobalSection
	GlobalSection(ExtensibilityGlobals) = postSolution
		SolutionGuid = {937CB4FF-D0B6-479E-98DC-5177C78799D1}
	EndGlobalSection
EndGlobal
